// !$*UTF8*$!
{
	archiveVersion = 1;
	classes = {
	};
	objectVersion = 46;
	objects = {

/* Begin PBXBuildFile section */
		C54EA6631EB98C1200F17208 /* Assets.xcassets in Resources */ = {isa = PBXBuildFile; fileRef = C54EA6621EB98C1200F17208 /* Assets.xcassets */; };
		C5524CB01ECD7E60001D549E /* ImagesJSON.m in Sources */ = {isa = PBXBuildFile; fileRef = C5524CAF1ECD7E60001D549E /* ImagesJSON.m */; };
		C573B93C1EAF2458003ACB7E /* AppDelegate.m in Sources */ = {isa = PBXBuildFile; fileRef = C573B93B1EAF2458003ACB7E /* AppDelegate.m */; };
		C573B93F1EAF2458003ACB7E /* main.m in Sources */ = {isa = PBXBuildFile; fileRef = C573B93E1EAF2458003ACB7E /* main.m */; };
		C573B9421EAF2458003ACB7E /* ViewController.m in Sources */ = {isa = PBXBuildFile; fileRef = C573B9411EAF2458003ACB7E /* ViewController.m */; };
		C573B9471EAF2458003ACB7E /* Main.storyboard in Resources */ = {isa = PBXBuildFile; fileRef = C573B9451EAF2458003ACB7E /* Main.storyboard */; };
		C573B9501EAF27C5003ACB7E /* MainWindowController.m in Sources */ = {isa = PBXBuildFile; fileRef = C573B94F1EAF27C5003ACB7E /* MainWindowController.m */; };
		C573B9581EAF3431003ACB7E /* MainWindowRowView.m in Sources */ = {isa = PBXBuildFile; fileRef = C573B9571EAF3431003ACB7E /* MainWindowRowView.m */; };
		C58C3D5C1EBDE65900DC81CB /* NavigateView.m in Sources */ = {isa = PBXBuildFile; fileRef = C58C3D5B1EBDE65900DC81CB /* NavigateView.m */; };
		C5AD71061EB5D74500B89C05 /* ImageViewer.m in Sources */ = {isa = PBXBuildFile; fileRef = C5AD71051EB5D74500B89C05 /* ImageViewer.m */; };
		C5BC0DC41ECD5521005638BA /* ControlBarCenterView.m in Sources */ = {isa = PBXBuildFile; fileRef = C5BC0DC31ECD5521005638BA /* ControlBarCenterView.m */; };
		C5E86BA51EB9790000F67A1F /* ImageView.m in Sources */ = {isa = PBXBuildFile; fileRef = C5E86BA41EB9790000F67A1F /* ImageView.m */; };
		C5EC4D7F1EB078A400AB64B4 /* ImageViewerWindowController.m in Sources */ = {isa = PBXBuildFile; fileRef = C5EC4D7D1EB078A400AB64B4 /* ImageViewerWindowController.m */; };
		C5EC4D801EB078A400AB64B4 /* ImageViewerWindowController.xib in Resources */ = {isa = PBXBuildFile; fileRef = C5EC4D7E1EB078A400AB64B4 /* ImageViewerWindowController.xib */; };
		C5F085F11EB8581000A4BC34 /* ThumbnailViewController.m in Sources */ = {isa = PBXBuildFile; fileRef = C5F085EF1EB8581000A4BC34 /* ThumbnailViewController.m */; };
		C5F085F21EB8581000A4BC34 /* ThumbnailViewController.xib in Resources */ = {isa = PBXBuildFile; fileRef = C5F085F01EB8581000A4BC34 /* ThumbnailViewController.xib */; };
		C5F085F61EB85DFC00A4BC34 /* ThumbnailView.m in Sources */ = {isa = PBXBuildFile; fileRef = C5F085F51EB85DFC00A4BC34 /* ThumbnailView.m */; };
/* End PBXBuildFile section */

/* Begin PBXFileReference section */
		C54EA6621EB98C1200F17208 /* Assets.xcassets */ = {isa = PBXFileReference; lastKnownFileType = folder.assetcatalog; path = Assets.xcassets; sourceTree = "<group>"; };
		C5524CAE1ECD7E60001D549E /* ImagesJSON.h */ = {isa = PBXFileReference; fileEncoding = 4; lastKnownFileType = sourcecode.c.h; path = ImagesJSON.h; sourceTree = "<group>"; };
		C5524CAF1ECD7E60001D549E /* ImagesJSON.m */ = {isa = PBXFileReference; fileEncoding = 4; lastKnownFileType = sourcecode.c.objc; path = ImagesJSON.m; sourceTree = "<group>"; };
		C573B9371EAF2458003ACB7E /* ImageViewer.app */ = {isa = PBXFileReference; explicitFileType = wrapper.application; includeInIndex = 0; path = ImageViewer.app; sourceTree = BUILT_PRODUCTS_DIR; };
		C573B93A1EAF2458003ACB7E /* AppDelegate.h */ = {isa = PBXFileReference; lastKnownFileType = sourcecode.c.h; path = AppDelegate.h; sourceTree = "<group>"; };
		C573B93B1EAF2458003ACB7E /* AppDelegate.m */ = {isa = PBXFileReference; lastKnownFileType = sourcecode.c.objc; path = AppDelegate.m; sourceTree = "<group>"; };
		C573B93E1EAF2458003ACB7E /* main.m */ = {isa = PBXFileReference; lastKnownFileType = sourcecode.c.objc; path = main.m; sourceTree = "<group>"; };
		C573B9401EAF2458003ACB7E /* ViewController.h */ = {isa = PBXFileReference; lastKnownFileType = sourcecode.c.h; path = ViewController.h; sourceTree = "<group>"; };
		C573B9411EAF2458003ACB7E /* ViewController.m */ = {isa = PBXFileReference; lastKnownFileType = sourcecode.c.objc; path = ViewController.m; sourceTree = "<group>"; };
		C573B9461EAF2458003ACB7E /* Base */ = {isa = PBXFileReference; lastKnownFileType = file.storyboard; name = Base; path = Base.lproj/Main.storyboard; sourceTree = "<group>"; };
		C573B9481EAF2458003ACB7E /* Info.plist */ = {isa = PBXFileReference; lastKnownFileType = text.plist.xml; path = Info.plist; sourceTree = "<group>"; };
		C573B94E1EAF27C5003ACB7E /* MainWindowController.h */ = {isa = PBXFileReference; fileEncoding = 4; lastKnownFileType = sourcecode.c.h; path = MainWindowController.h; sourceTree = "<group>"; };
		C573B94F1EAF27C5003ACB7E /* MainWindowController.m */ = {isa = PBXFileReference; fileEncoding = 4; lastKnownFileType = sourcecode.c.objc; path = MainWindowController.m; sourceTree = "<group>"; };
		C573B9561EAF3431003ACB7E /* MainWindowRowView.h */ = {isa = PBXFileReference; fileEncoding = 4; lastKnownFileType = sourcecode.c.h; path = MainWindowRowView.h; sourceTree = "<group>"; };
		C573B9571EAF3431003ACB7E /* MainWindowRowView.m */ = {isa = PBXFileReference; fileEncoding = 4; lastKnownFileType = sourcecode.c.objc; path = MainWindowRowView.m; sourceTree = "<group>"; };
		C58C3D5A1EBDE65900DC81CB /* NavigateView.h */ = {isa = PBXFileReference; fileEncoding = 4; lastKnownFileType = sourcecode.c.h; path = NavigateView.h; sourceTree = "<group>"; };
		C58C3D5B1EBDE65900DC81CB /* NavigateView.m */ = {isa = PBXFileReference; fileEncoding = 4; lastKnownFileType = sourcecode.c.objc; path = NavigateView.m; sourceTree = "<group>"; };
		C5AD71041EB5D74500B89C05 /* ImageViewer.h */ = {isa = PBXFileReference; fileEncoding = 4; lastKnownFileType = sourcecode.c.h; path = ImageViewer.h; sourceTree = "<group>"; };
		C5AD71051EB5D74500B89C05 /* ImageViewer.m */ = {isa = PBXFileReference; fileEncoding = 4; lastKnownFileType = sourcecode.c.objc; path = ImageViewer.m; sourceTree = "<group>"; };
		C5BC0DC21ECD5521005638BA /* ControlBarCenterView.h */ = {isa = PBXFileReference; fileEncoding = 4; lastKnownFileType = sourcecode.c.h; path = ControlBarCenterView.h; sourceTree = "<group>"; };
		C5BC0DC31ECD5521005638BA /* ControlBarCenterView.m */ = {isa = PBXFileReference; fileEncoding = 4; lastKnownFileType = sourcecode.c.objc; path = ControlBarCenterView.m; sourceTree = "<group>"; };
		C5E86BA31EB9790000F67A1F /* ImageView.h */ = {isa = PBXFileReference; fileEncoding = 4; lastKnownFileType = sourcecode.c.h; path = ImageView.h; sourceTree = "<group>"; };
		C5E86BA41EB9790000F67A1F /* ImageView.m */ = {isa = PBXFileReference; fileEncoding = 4; lastKnownFileType = sourcecode.c.objc; path = ImageView.m; sourceTree = "<group>"; };
		C5EC4D7C1EB078A400AB64B4 /* ImageViewerWindowController.h */ = {isa = PBXFileReference; fileEncoding = 4; lastKnownFileType = sourcecode.c.h; path = ImageViewerWindowController.h; sourceTree = "<group>"; };
		C5EC4D7D1EB078A400AB64B4 /* ImageViewerWindowController.m */ = {isa = PBXFileReference; fileEncoding = 4; lastKnownFileType = sourcecode.c.objc; path = ImageViewerWindowController.m; sourceTree = "<group>"; };
		C5EC4D7E1EB078A400AB64B4 /* ImageViewerWindowController.xib */ = {isa = PBXFileReference; fileEncoding = 4; lastKnownFileType = file.xib; path = ImageViewerWindowController.xib; sourceTree = "<group>"; };
		C5F085EE1EB8581000A4BC34 /* ThumbnailViewController.h */ = {isa = PBXFileReference; fileEncoding = 4; lastKnownFileType = sourcecode.c.h; path = ThumbnailViewController.h; sourceTree = "<group>"; };
		C5F085EF1EB8581000A4BC34 /* ThumbnailViewController.m */ = {isa = PBXFileReference; fileEncoding = 4; lastKnownFileType = sourcecode.c.objc; path = ThumbnailViewController.m; sourceTree = "<group>"; };
		C5F085F01EB8581000A4BC34 /* ThumbnailViewController.xib */ = {isa = PBXFileReference; fileEncoding = 4; lastKnownFileType = file.xib; path = ThumbnailViewController.xib; sourceTree = "<group>"; };
		C5F085F41EB85DFC00A4BC34 /* ThumbnailView.h */ = {isa = PBXFileReference; fileEncoding = 4; lastKnownFileType = sourcecode.c.h; path = ThumbnailView.h; sourceTree = "<group>"; };
		C5F085F51EB85DFC00A4BC34 /* ThumbnailView.m */ = {isa = PBXFileReference; fileEncoding = 4; lastKnownFileType = sourcecode.c.objc; path = ThumbnailView.m; sourceTree = "<group>"; };
/* End PBXFileReference section */

/* Begin PBXFrameworksBuildPhase section */
		C573B9341EAF2458003ACB7E /* Frameworks */ = {
			isa = PBXFrameworksBuildPhase;
			buildActionMask = 2147483647;
			files = (
			);
			runOnlyForDeploymentPostprocessing = 0;
		};
/* End PBXFrameworksBuildPhase section */

/* Begin PBXGroup section */
		C573B92E1EAF2457003ACB7E = {
			isa = PBXGroup;
			children = (
				C573B9391EAF2458003ACB7E /* ImageViewer */,
				C573B9381EAF2458003ACB7E /* Products */,
			);
			sourceTree = "<group>";
		};
		C573B9381EAF2458003ACB7E /* Products */ = {
			isa = PBXGroup;
			children = (
				C573B9371EAF2458003ACB7E /* ImageViewer.app */,
			);
			name = Products;
			sourceTree = "<group>";
		};
		C573B9391EAF2458003ACB7E /* ImageViewer */ = {
			isa = PBXGroup;
			children = (
				C573B93A1EAF2458003ACB7E /* AppDelegate.h */,
				C573B93B1EAF2458003ACB7E /* AppDelegate.m */,
				C573B9591EAF343E003ACB7E /* MainWindow */,
				C5EC4D811EB078AA00AB64B4 /* ImageViewer */,
				C573B9451EAF2458003ACB7E /* Main.storyboard */,
				C573B9481EAF2458003ACB7E /* Info.plist */,
				C573B93D1EAF2458003ACB7E /* Supporting Files */,
			);
			path = ImageViewer;
			sourceTree = "<group>";
		};
		C573B93D1EAF2458003ACB7E /* Supporting Files */ = {
			isa = PBXGroup;
			children = (
				C54EA6621EB98C1200F17208 /* Assets.xcassets */,
				C573B93E1EAF2458003ACB7E /* main.m */,
			);
			name = "Supporting Files";
			sourceTree = "<group>";
		};
		C573B9591EAF343E003ACB7E /* MainWindow */ = {
			isa = PBXGroup;
			children = (
				C573B94E1EAF27C5003ACB7E /* MainWindowController.h */,
				C573B94F1EAF27C5003ACB7E /* MainWindowController.m */,
				C573B9561EAF3431003ACB7E /* MainWindowRowView.h */,
				C573B9571EAF3431003ACB7E /* MainWindowRowView.m */,
				C573B9401EAF2458003ACB7E /* ViewController.h */,
				C573B9411EAF2458003ACB7E /* ViewController.m */,
			);
			name = MainWindow;
			sourceTree = "<group>";
		};
		C5EC4D811EB078AA00AB64B4 /* ImageViewer */ = {
			isa = PBXGroup;
			children = (
				C5EC4D7C1EB078A400AB64B4 /* ImageViewerWindowController.h */,
				C5EC4D7D1EB078A400AB64B4 /* ImageViewerWindowController.m */,
				C5EC4D7E1EB078A400AB64B4 /* ImageViewerWindowController.xib */,
				C5BC0DC21ECD5521005638BA /* ControlBarCenterView.h */,
				C5BC0DC31ECD5521005638BA /* ControlBarCenterView.m */,
				C5AD71041EB5D74500B89C05 /* ImageViewer.h */,
				C5AD71051EB5D74500B89C05 /* ImageViewer.m */,
				C5E86BA31EB9790000F67A1F /* ImageView.h */,
				C5E86BA41EB9790000F67A1F /* ImageView.m */,
				C58C3D5A1EBDE65900DC81CB /* NavigateView.h */,
				C58C3D5B1EBDE65900DC81CB /* NavigateView.m */,
				C5524CAE1ECD7E60001D549E /* ImagesJSON.h */,
				C5524CAF1ECD7E60001D549E /* ImagesJSON.m */,
				C5F085F31EB8581400A4BC34 /* Thumbnail */,
			);
			name = ImageViewer;
			sourceTree = "<group>";
		};
		C5F085F31EB8581400A4BC34 /* Thumbnail */ = {
			isa = PBXGroup;
			children = (
				C5F085EE1EB8581000A4BC34 /* ThumbnailViewController.h */,
				C5F085EF1EB8581000A4BC34 /* ThumbnailViewController.m */,
				C5F085F01EB8581000A4BC34 /* ThumbnailViewController.xib */,
				C5F085F41EB85DFC00A4BC34 /* ThumbnailView.h */,
				C5F085F51EB85DFC00A4BC34 /* ThumbnailView.m */,
			);
			name = Thumbnail;
			sourceTree = "<group>";
		};
/* End PBXGroup section */

/* Begin PBXNativeTarget section */
		C573B9361EAF2458003ACB7E /* ImageViewer */ = {
			isa = PBXNativeTarget;
			buildConfigurationList = C573B94B1EAF2458003ACB7E /* Build configuration list for PBXNativeTarget "ImageViewer" */;
			buildPhases = (
				C573B9331EAF2458003ACB7E /* Sources */,
				C573B9341EAF2458003ACB7E /* Frameworks */,
				C573B9351EAF2458003ACB7E /* Resources */,
			);
			buildRules = (
			);
			dependencies = (
			);
			name = ImageViewer;
			productName = ImageViewer;
			productReference = C573B9371EAF2458003ACB7E /* ImageViewer.app */;
			productType = "com.apple.product-type.application";
		};
/* End PBXNativeTarget section */

/* Begin PBXProject section */
		C573B92F1EAF2457003ACB7E /* Project object */ = {
			isa = PBXProject;
			attributes = {
				LastUpgradeCheck = 0830;
				ORGANIZATIONNAME = "赵睿";
				TargetAttributes = {
					C573B9361EAF2458003ACB7E = {
						CreatedOnToolsVersion = 8.3.2;
						DevelopmentTeam = 7HN3FL9R65;
						ProvisioningStyle = Automatic;
					};
				};
			};
			buildConfigurationList = C573B9321EAF2457003ACB7E /* Build configuration list for PBXProject "ImageViewer" */;
			compatibilityVersion = "Xcode 3.2";
			developmentRegion = English;
			hasScannedForEncodings = 0;
			knownRegions = (
				en,
				Base,
			);
			mainGroup = C573B92E1EAF2457003ACB7E;
			productRefGroup = C573B9381EAF2458003ACB7E /* Products */;
			projectDirPath = "";
			projectRoot = "";
			targets = (
				C573B9361EAF2458003ACB7E /* ImageViewer */,
			);
		};
/* End PBXProject section */

/* Begin PBXResourcesBuildPhase section */
		C573B9351EAF2458003ACB7E /* Resources */ = {
			isa = PBXResourcesBuildPhase;
			buildActionMask = 2147483647;
			files = (
				C5EC4D801EB078A400AB64B4 /* ImageViewerWindowController.xib in Resources */,
				C5F085F21EB8581000A4BC34 /* ThumbnailViewController.xib in Resources */,
				C54EA6631EB98C1200F17208 /* Assets.xcassets in Resources */,
				C573B9471EAF2458003ACB7E /* Main.storyboard in Resources */,
			);
			runOnlyForDeploymentPostprocessing = 0;
		};
/* End PBXResourcesBuildPhase section */

/* Begin PBXSourcesBuildPhase section */
		C573B9331EAF2458003ACB7E /* Sources */ = {
			isa = PBXSourcesBuildPhase;
			buildActionMask = 2147483647;
			files = (
				C573B9581EAF3431003ACB7E /* MainWindowRowView.m in Sources */,
				C573B9421EAF2458003ACB7E /* ViewController.m in Sources */,
				C5F085F11EB8581000A4BC34 /* ThumbnailViewController.m in Sources */,
				C573B93F1EAF2458003ACB7E /* main.m in Sources */,
				C573B9501EAF27C5003ACB7E /* MainWindowController.m in Sources */,
				C5F085F61EB85DFC00A4BC34 /* ThumbnailView.m in Sources */,
				C5E86BA51EB9790000F67A1F /* ImageView.m in Sources */,
				C5BC0DC41ECD5521005638BA /* ControlBarCenterView.m in Sources */,
				C573B93C1EAF2458003ACB7E /* AppDelegate.m in Sources */,
				C5EC4D7F1EB078A400AB64B4 /* ImageViewerWindowController.m in Sources */,
				C5AD71061EB5D74500B89C05 /* ImageViewer.m in Sources */,
				C58C3D5C1EBDE65900DC81CB /* NavigateView.m in Sources */,
				C5524CB01ECD7E60001D549E /* ImagesJSON.m in Sources */,
			);
			runOnlyForDeploymentPostprocessing = 0;
		};
/* End PBXSourcesBuildPhase section */

/* Begin PBXVariantGroup section */
		C573B9451EAF2458003ACB7E /* Main.storyboard */ = {
			isa = PBXVariantGroup;
			children = (
				C573B9461EAF2458003ACB7E /* Base */,
			);
			name = Main.storyboard;
			sourceTree = "<group>";
		};
/* End PBXVariantGroup section */

/* Begin XCBuildConfiguration section */
		C573B9491EAF2458003ACB7E /* Debug */ = {
			isa = XCBuildConfiguration;
			buildSettings = {
				ALWAYS_SEARCH_USER_PATHS = NO;
				CLANG_ANALYZER_NONNULL = YES;
				CLANG_ANALYZER_NUMBER_OBJECT_CONVERSION = YES_AGGRESSIVE;
				CLANG_CXX_LANGUAGE_STANDARD = "gnu++0x";
				CLANG_CXX_LIBRARY = "libc++";
				CLANG_ENABLE_MODULES = YES;
				CLANG_ENABLE_OBJC_ARC = YES;
				CLANG_WARN_BOOL_CONVERSION = YES;
				CLANG_WARN_CONSTANT_CONVERSION = YES;
				CLANG_WARN_DIRECT_OBJC_ISA_USAGE = YES_ERROR;
				CLANG_WARN_DOCUMENTATION_COMMENTS = YES;
				CLANG_WARN_EMPTY_BODY = YES;
				CLANG_WARN_ENUM_CONVERSION = YES;
				CLANG_WARN_INFINITE_RECURSION = YES;
				CLANG_WARN_INT_CONVERSION = YES;
				CLANG_WARN_OBJC_ROOT_CLASS = YES_ERROR;
				CLANG_WARN_SUSPICIOUS_MOVE = YES;
				CLANG_WARN_UNREACHABLE_CODE = YES;
				CLANG_WARN__DUPLICATE_METHOD_MATCH = YES;
				CODE_SIGN_IDENTITY = "-";
				COPY_PHASE_STRIP = NO;
				DEBUG_INFORMATION_FORMAT = dwarf;
				ENABLE_STRICT_OBJC_MSGSEND = YES;
				ENABLE_TESTABILITY = YES;
				GCC_C_LANGUAGE_STANDARD = gnu99;
				GCC_DYNAMIC_NO_PIC = NO;
				GCC_NO_COMMON_BLOCKS = YES;
				GCC_OPTIMIZATION_LEVEL = 0;
				GCC_PREPROCESSOR_DEFINITIONS = (
					"DEBUG=1",
					"$(inherited)",
				);
				GCC_WARN_64_TO_32_BIT_CONVERSION = YES;
				GCC_WARN_ABOUT_RETURN_TYPE = YES_ERROR;
				GCC_WARN_UNDECLARED_SELECTOR = YES;
				GCC_WARN_UNINITIALIZED_AUTOS = YES_AGGRESSIVE;
				GCC_WARN_UNUSED_FUNCTION = YES;
				GCC_WARN_UNUSED_VARIABLE = YES;
				MACOSX_DEPLOYMENT_TARGET = 10.12;
				MTL_ENABLE_DEBUG_INFO = YES;
				ONLY_ACTIVE_ARCH = YES;
				SDKROOT = macosx;
			};
			name = Debug;
		};
		C573B94A1EAF2458003ACB7E /* Release */ = {
			isa = XCBuildConfiguration;
			buildSettings = {
				ALWAYS_SEARCH_USER_PATHS = NO;
				CLANG_ANALYZER_NONNULL = YES;
				CLANG_ANALYZER_NUMBER_OBJECT_CONVERSION = YES_AGGRESSIVE;
				CLANG_CXX_LANGUAGE_STANDARD = "gnu++0x";
				CLANG_CXX_LIBRARY = "libc++";
				CLANG_ENABLE_MODULES = YES;
				CLANG_ENABLE_OBJC_ARC = YES;
				CLANG_WARN_BOOL_CONVERSION = YES;
				CLANG_WARN_CONSTANT_CONVERSION = YES;
				CLANG_WARN_DIRECT_OBJC_ISA_USAGE = YES_ERROR;
				CLANG_WARN_DOCUMENTATION_COMMENTS = YES;
				CLANG_WARN_EMPTY_BODY = YES;
				CLANG_WARN_ENUM_CONVERSION = YES;
				CLANG_WARN_INFINITE_RECURSION = YES;
				CLANG_WARN_INT_CONVERSION = YES;
				CLANG_WARN_OBJC_ROOT_CLASS = YES_ERROR;
				CLANG_WARN_SUSPICIOUS_MOVE = YES;
				CLANG_WARN_UNREACHABLE_CODE = YES;
				CLANG_WARN__DUPLICATE_METHOD_MATCH = YES;
				CODE_SIGN_IDENTITY = "-";
				COPY_PHASE_STRIP = NO;
				DEBUG_INFORMATION_FORMAT = "dwarf-with-dsym";
				ENABLE_NS_ASSERTIONS = NO;
				ENABLE_STRICT_OBJC_MSGSEND = YES;
				GCC_C_LANGUAGE_STANDARD = gnu99;
				GCC_NO_COMMON_BLOCKS = YES;
				GCC_WARN_64_TO_32_BIT_CONVERSION = YES;
				GCC_WARN_ABOUT_RETURN_TYPE = YES_ERROR;
				GCC_WARN_UNDECLARED_SELECTOR = YES;
				GCC_WARN_UNINITIALIZED_AUTOS = YES_AGGRESSIVE;
				GCC_WARN_UNUSED_FUNCTION = YES;
				GCC_WARN_UNUSED_VARIABLE = YES;
				MACOSX_DEPLOYMENT_TARGET = 10.12;
				MTL_ENABLE_DEBUG_INFO = NO;
				SDKROOT = macosx;
			};
			name = Release;
		};
		C573B94C1EAF2458003ACB7E /* Debug */ = {
			isa = XCBuildConfiguration;
			buildSettings = {
				ASSETCATALOG_COMPILER_APPICON_NAME = AppIcon;
				COMBINE_HIDPI_IMAGES = YES;
				DEVELOPMENT_TEAM = 7HN3FL9R65;
				INFOPLIST_FILE = ImageViewer/Info.plist;
				LD_RUNPATH_SEARCH_PATHS = "$(inherited) @executable_path/../Frameworks";
				PRODUCT_BUNDLE_IDENTIFIER = com.zhaorui.ImageViewer;
				PRODUCT_NAME = "$(TARGET_NAME)";
			};
			name = Debug;
		};
		C573B94D1EAF2458003ACB7E /* Release */ = {
			isa = XCBuildConfiguration;
			buildSettings = {
				ASSETCATALOG_COMPILER_APPICON_NAME = AppIcon;
				COMBINE_HIDPI_IMAGES = YES;
				DEVELOPMENT_TEAM = 7HN3FL9R65;
				INFOPLIST_FILE = ImageViewer/Info.plist;
				LD_RUNPATH_SEARCH_PATHS = "$(inherited) @executable_path/../Frameworks";
				PRODUCT_BUNDLE_IDENTIFIER = com.zhaorui.ImageViewer;
				PRODUCT_NAME = "$(TARGET_NAME)";
			};
			name = Release;
		};
/* End XCBuildConfiguration section */

/* Begin XCConfigurationList section */
		C573B9321EAF2457003ACB7E /* Build configuration list for PBXProject "ImageViewer" */ = {
			isa = XCConfigurationList;
			buildConfigurations = (
				C573B9491EAF2458003ACB7E /* Debug */,
				C573B94A1EAF2458003ACB7E /* Release */,
			);
			defaultConfigurationIsVisible = 0;
			defaultConfigurationName = Release;
		};
		C573B94B1EAF2458003ACB7E /* Build configuration list for PBXNativeTarget "ImageViewer" */ = {
			isa = XCConfigurationList;
			buildConfigurations = (
				C573B94C1EAF2458003ACB7E /* Debug */,
				C573B94D1EAF2458003ACB7E /* Release */,
			);
			defaultConfigurationIsVisible = 0;
			defaultConfigurationName = Release;
		};
/* End XCConfigurationList section */
	};
	rootObject = C573B92F1EAF2457003ACB7E /* Project object */;
}
